<?xml version="1.0" encoding="utf-8"?>
<Project ToolsVersion="4.0" xmlns="http://schemas.microsoft.com/developer/msbuild/2003">
  <ItemGroup>
    <Filter Include="Source Files">
      <UniqueIdentifier>{db5b8c4b-3271-4c15-afcc-605f903326df}</UniqueIdentifier>
      <Extensions>cpp;c;cxx;rc;def;r;odl;idl;hpj;bat</Extensions>
    </Filter>
    <Filter Include="Header Files">
      <UniqueIdentifier>{02a17a9c-5037-4c37-b3f5-997cd39b31c5}</UniqueIdentifier>
      <Extensions>h;hpp;hxx;hm;inl</Extensions>
    </Filter>
    <Filter Include="Resource Files">
      <UniqueIdentifier>{e8e107f2-bf71-45d2-8af6-bd736c5e24e4}</UniqueIdentifier>
      <Extensions>ico;cur;bmp;dlg;rc2;rct;bin;rgs;gif;jpg;jpeg;jpe</Extensions>
    </Filter>
  </ItemGroup>
  <ItemGroup>
    <ClCompile Include="3DSLoader.cpp">
      <Filter>Source Files</Filter>
    </ClCompile>
    <ClCompile Include="3DSLoaderDoc.cpp">
      <Filter>Source Files</Filter>
    </ClCompile>
    <ClCompile Include="3DSLoaderView.cpp">
      <Filter>Source Files</Filter>
    </ClCompile>
    <ClCompile Include="3dsReader.cpp">
      <Filter>Source Files</Filter>
    </ClCompile>
    <ClCompile Include="MainFrm.cpp">
      <Filter>Source Files</Filter>
    </ClCompile>
    <ClCompile Include="StdAfx.cpp">
      <Filter>Source Files</Filter>
    </ClCompile>
    <ClCompile Include="Filehelper.cpp">
      <Filter>Source Files</Filter>
    </ClCompile>
    <ClCompile Include="FingerStruc.cpp">
      <Filter>Source Files</Filter>
    </ClCompile>
    <ClCompile Include="GloableVariable.cpp">
      <Filter>Source Files</Filter>
    </ClCompile>
    <ClCompile Include="MatlabEngine.cpp">
      <Filter>Source Files</Filter>
    </ClCompile>
    <ClCompile Include="PublicFuntoinHelper.cpp">
      <Filter>Source Files</Filter>
    </ClCompile>
    <ClCompile Include="RobotHand.cpp">
      <Filter>Source Files</Filter>
    </ClCompile>
    <ClCompile Include="Knuckle.cpp">
      <Filter>Source Files</Filter>
    </ClCompile>
    <ClCompile Include="GloveSampleDlg.cpp">
      <Filter>Source Files</Filter>
    </ClCompile>
    <ClCompile Include="getPythonData.cpp">
      <Filter>Source Files</Filter>
    </ClCompile>
    <ClCompile Include="KinectWin.cpp">
      <Filter>Source Files</Filter>
    </ClCompile>
    <ClCompile Include="CvvImage.cpp">
      <Filter>Source Files</Filter>
    </ClCompile>
    <ClCompile Include="LineChart.cpp">
      <Filter>Source Files</Filter>
    </ClCompile>
    <ClCompile Include="tchart1.cpp">
      <Filter>Source Files</Filter>
    </ClCompile>
  </ItemGroup>
  <ItemGroup>
    <ResourceCompile Include="3DSLoader.rc">
      <Filter>Source Files</Filter>
    </ResourceCompile>
  </ItemGroup>
  <ItemGroup>
    <ClInclude Include="3DSLoader.h">
      <Filter>Header Files</Filter>
    </ClInclude>
    <ClInclude Include="3DSLoaderDoc.h">
      <Filter>Header Files</Filter>
    </ClInclude>
    <ClInclude Include="3DSLoaderView.h">
      <Filter>Header Files</Filter>
    </ClInclude>
    <ClInclude Include="3dsReader.h">
      <Filter>Header Files</Filter>
    </ClInclude>
    <ClInclude Include="basicRead.h">
      <Filter>Header Files</Filter>
    </ClInclude>
    <ClInclude Include="glStructures.h">
      <Filter>Header Files</Filter>
    </ClInclude>
    <ClInclude Include="MainFrm.h">
      <Filter>Header Files</Filter>
    </ClInclude>
    <ClInclude Include="Resource.h">
      <Filter>Header Files</Filter>
    </ClInclude>
    <ClInclude Include="StdAfx.h">
      <Filter>Header Files</Filter>
    </ClInclude>
    <ClInclude Include="Filehelper.h">
      <Filter>Header Files</Filter>
    </ClInclude>
    <ClInclude Include="FingerStruct.h">
      <Filter>Header Files</Filter>
    </ClInclude>
    <ClInclude Include="GloableVariable.h">
      <Filter>Header Files</Filter>
    </ClInclude>
    <ClInclude Include="MatlabEngine.h">
      <Filter>Header Files</Filter>
    </ClInclude>
    <ClInclude Include="RobotHand.h">
      <Filter>Header Files</Filter>
    </ClInclude>
    <ClInclude Include="Knuckle.h">
      <Filter>Header Files</Filter>
    </ClInclude>
    <ClInclude Include="PublicFuntoinHelper.h">
      <Filter>Header Files</Filter>
    </ClInclude>
    <ClInclude Include="GloveSampleDlg.h">
      <Filter>Header Files</Filter>
    </ClInclude>
    <ClInclude Include="getPythonData.h">
      <Filter>Header Files</Filter>
    </ClInclude>
    <ClInclude Include="KinectWin.h">
      <Filter>Header Files</Filter>
    </ClInclude>
    <ClInclude Include="CvvImage.h">
      <Filter>Header Files</Filter>
    </ClInclude>
    <ClInclude Include="CTChart.h">
      <Filter>Header Files</Filter>
    </ClInclude>
    <ClInclude Include="CSeries.h">
      <Filter>Header Files</Filter>
    </ClInclude>
    <ClInclude Include="LineChart.h">
      <Filter>Header Files</Filter>
    </ClInclude>
    <ClInclude Include="tchart1.h">
      <Filter>Header Files</Filter>
    </ClInclude>
  </ItemGroup>
  <ItemGroup>
    <Image Include="res\3DSLoader.ico">
      <Filter>Resource Files</Filter>
    </Image>
    <Image Include="res\3DSLoaderDoc.ico">
      <Filter>Resource Files</Filter>
    </Image>
    <Image Include="res\Toolbar.bmp">
      <Filter>Resource Files</Filter>
    </Image>
  </ItemGroup>
  <ItemGroup>
    <Text Include="ReadMe.txt" />
  </ItemGroup>
  <ItemGroup>
    <CustomBuild Include="res\3DSLoader.rc2">
      <Filter>Resource Files</Filter>
    </CustomBuild>
  </ItemGroup>
</Project>